<?xml version="1.0" encoding="utf-8"?>
<Project ToolsVersion="4.0" xmlns="http://schemas.microsoft.com/developer/msbuild/2003">
  <ItemGroup>
    <Filter Include="Source Files">
      <UniqueIdentifier>{4FC737F1-C7A5-4376-A066-2A32D752A2FF}</UniqueIdentifier>
      <Extensions>cpp;c;cc;cxx;c++;cppm;ixx;def;odl;idl;hpj;bat;asm;asmx</Extensions>
    </Filter>
    <Filter Include="Header Files">
      <UniqueIdentifier>{93995380-89BD-4b04-88EB-625FBE52EBFB}</UniqueIdentifier>
      <Extensions>h;hh;hpp;hxx;h++;hm;inl;inc;ipp;xsd</Extensions>
    </Filter>
    <Filter Include="Resource Files">
      <UniqueIdentifier>{67DA6AB6-F800-4c08-8B7A-83BB121AAD01}</UniqueIdentifier>
      <Extensions>rc;ico;cur;bmp;dlg;rc2;rct;bin;rgs;gif;jpg;jpeg;jpe;resx;tiff;tif;png;wav;mfcribbon-ms</Extensions>
    </Filter>
    <Filter Include="Source Files\Engine">
      <UniqueIdentifier>{cf34c07a-cb37-435e-b3ad-70476c5af512}</UniqueIdentifier>
    </Filter>
    <Filter Include="Source Files\Engine\Math">
      <UniqueIdentifier>{1e7992bf-9e7e-4ccc-80b1-003da1195c1c}</UniqueIdentifier>
    </Filter>
    <Filter Include="Source Files\Engine\Gameobjects">
      <UniqueIdentifier>{6bafd7df-2068-4548-83b9-95208bef582c}</UniqueIdentifier>
    </Filter>
    <Filter Include="Source Files\Engine\Input">
      <UniqueIdentifier>{eb99eb9f-7aee-42c6-8589-b0ff490795bb}</UniqueIdentifier>
    </Filter>
    <Filter Include="Source Files\Engine\Components">
      <UniqueIdentifier>{374a5d77-054e-4824-bb97-9a6aee84645c}</UniqueIdentifier>
    </Filter>
    <Filter Include="Source Files\Game">
      <UniqueIdentifier>{b89fd370-a620-4fbd-bba3-091cec8a5c79}</UniqueIdentifier>
    </Filter>
    <Filter Include="Header Files\Engine">
      <UniqueIdentifier>{2e52e17b-8326-4b21-b0c7-506af636a29b}</UniqueIdentifier>
    </Filter>
    <Filter Include="Header Files\Engine\Math">
      <UniqueIdentifier>{60258463-3c4c-4d4a-9d87-dffd27421d83}</UniqueIdentifier>
    </Filter>
    <Filter Include="Header Files\Engine\Gameobjects">
      <UniqueIdentifier>{f509f7ed-28de-4cf1-b617-1f1085762e93}</UniqueIdentifier>
    </Filter>
    <Filter Include="Header Files\Engine\Components">
      <UniqueIdentifier>{bd2e455d-9af1-42c9-8a29-d9a6b4310df8}</UniqueIdentifier>
    </Filter>
    <Filter Include="Header Files\Engine\Input">
      <UniqueIdentifier>{d8dcc8c4-8ab3-4b1f-a607-eaefd91b7f89}</UniqueIdentifier>
    </Filter>
    <Filter Include="Header Files\Game">
      <UniqueIdentifier>{3d7c680c-a3a5-4ea7-bfa6-42e3964a4211}</UniqueIdentifier>
    </Filter>
    <Filter Include="Header Files\Engine\Components\Images">
      <UniqueIdentifier>{5ef78312-514c-4dad-865d-140f95a4d7aa}</UniqueIdentifier>
    </Filter>
    <Filter Include="Header Files\Engine\Components\Physics">
      <UniqueIdentifier>{d97dd051-9b3a-4d18-8d35-2851279c1781}</UniqueIdentifier>
    </Filter>
    <Filter Include="Source Files\Engine\Components\Images">
      <UniqueIdentifier>{71548349-7365-47c5-9dfd-341411e82002}</UniqueIdentifier>
    </Filter>
    <Filter Include="Source Files\Engine\Components\Physics">
      <UniqueIdentifier>{5f649873-904a-477f-8f51-99ded0e90f2f}</UniqueIdentifier>
    </Filter>
    <Filter Include="Header Files\Engine\Animations">
      <UniqueIdentifier>{ad87ed61-35e9-4deb-be13-6e76b7b0a2f4}</UniqueIdentifier>
    </Filter>
    <Filter Include="Source Files\Engine\Animations">
      <UniqueIdentifier>{639f4dce-e810-4ae6-b3c4-6048b2efd14a}</UniqueIdentifier>
    </Filter>
  </ItemGroup>
  <ItemGroup>
    <ClCompile Include="main.cpp">
      <Filter>Source Files</Filter>
    </ClCompile>
    <ClCompile Include="Vector3.cpp">
      <Filter>Source Files\Engine\Math</Filter>
    </ClCompile>
    <ClCompile Include="Globals.cpp">
      <Filter>Source Files\Engine</Filter>
    </ClCompile>
    <ClCompile Include="GameObject.cpp">
      <Filter>Source Files\Engine\Gameobjects</Filter>
    </ClCompile>
    <ClCompile Include="Component.cpp">
      <Filter>Source Files\Engine\Gameobjects</Filter>
    </ClCompile>
    <ClCompile Include="Scene.cpp">
      <Filter>Source Files\Engine\Gameobjects</Filter>
    </ClCompile>
    <ClCompile Include="ComponentManager.cpp">
      <Filter>Source Files\Engine\Components</Filter>
    </ClCompile>
    <ClCompile Include="PlayerController.cpp">
      <Filter>Source Files\Game</Filter>
    </ClCompile>
    <ClCompile Include="Input.cpp">
      <Filter>Source Files\Engine\Input</Filter>
    </ClCompile>
    <ClCompile Include="Force2D.cpp">
      <Filter>Source Files\Engine\Math</Filter>
    </ClCompile>
    <ClCompile Include="ComponentDataWrapper.cpp">
      <Filter>Source Files\Engine\Components</Filter>
    </ClCompile>
    <ClCompile Include="Renderable.cpp">
      <Filter>Source Files\Engine\Components\Images</Filter>
    </ClCompile>
    <ClCompile Include="Camera.cpp">
      <Filter>Source Files\Engine\Components\Images</Filter>
    </ClCompile>
    <ClCompile Include="Physics2D.cpp">
      <Filter>Source Files\Engine\Components\Physics</Filter>
    </ClCompile>
    <ClCompile Include="Collider.cpp">
      <Filter>Source Files\Engine\Components\Physics</Filter>
    </ClCompile>
    <ClCompile Include="Velocity.cpp">
      <Filter>Source Files\Engine\Components\Physics</Filter>
    </ClCompile>
    <ClCompile Include="AnimationHandler.cpp">
      <Filter>Source Files\Engine\Animations</Filter>
    </ClCompile>
    <ClCompile Include="AnimationData.cpp">
      <Filter>Source Files\Engine\Animations</Filter>
    </ClCompile>
  </ItemGroup>
  <ItemGroup>
    <ClInclude Include="Vector3.h">
      <Filter>Header Files\Engine\Math</Filter>
    </ClInclude>
    <ClInclude Include="Component.h">
      <Filter>Header Files\Engine\Gameobjects</Filter>
    </ClInclude>
    <ClInclude Include="GameObject.h">
      <Filter>Header Files\Engine\Gameobjects</Filter>
    </ClInclude>
    <ClInclude Include="Globals.h">
      <Filter>Header Files\Engine</Filter>
    </ClInclude>
    <ClInclude Include="ComponentManager.h">
      <Filter>Header Files\Engine\Components</Filter>
    </ClInclude>
    <ClInclude Include="Scene.h">
      <Filter>Header Files\Engine\Gameobjects</Filter>
    </ClInclude>
    <ClInclude Include="ComponentData.h">
      <Filter>Header Files\Engine\Components</Filter>
    </ClInclude>
    <ClInclude Include="Force2D.h">
      <Filter>Header Files\Engine\Math</Filter>
    </ClInclude>
    <ClInclude Include="PlayerController.h">
      <Filter>Header Files\Game</Filter>
    </ClInclude>
    <ClInclude Include="Input.h">
      <Filter>Header Files\Engine\Input</Filter>
    </ClInclude>
    <ClInclude Include="ComponentDataWrapper.h">
      <Filter>Header Files\Engine\Components</Filter>
    </ClInclude>
    <ClInclude Include="Camera.h">
      <Filter>Header Files\Engine\Components\Images</Filter>
    </ClInclude>
    <ClInclude Include="Renderable.h">
      <Filter>Header Files\Engine\Components\Images</Filter>
    </ClInclude>
    <ClInclude Include="Collider.h">
      <Filter>Header Files\Engine\Components\Physics</Filter>
    </ClInclude>
    <ClInclude Include="Physics2D.h">
      <Filter>Header Files\Engine\Components\Physics</Filter>
    </ClInclude>
    <ClInclude Include="Velocity.h">
      <Filter>Header Files\Engine\Components\Physics</Filter>
    </ClInclude>
    <ClInclude Include="AnimationHandler.h">
      <Filter>Header Files\Engine\Animations</Filter>
    </ClInclude>
    <ClInclude Include="AnimationData.h">
      <Filter>Header Files\Engine\Animations</Filter>
    </ClInclude>
    <ClInclude Include="ActiveAnimation.h">
      <Filter>Header Files\Engine\Animations</Filter>
    </ClInclude>
  </ItemGroup>
</Project>